// !$*UTF8*$!
{
	archiveVersion = 1;
	classes = {
	};
	objectVersion = 46;
	objects = {

/* Begin PBXBuildFile section */
		D974FF7F19BE6B7400DD2496 /* main.m in Sources */ = {isa = PBXBuildFile; fileRef = D974FF7E19BE6B7400DD2496 /* main.m */; };
		D974FF8219BE6B7400DD2496 /* AppDelegate.m in Sources */ = {isa = PBXBuildFile; fileRef = D974FF8119BE6B7400DD2496 /* AppDelegate.m */; };
		D974FF8519BE6B7400DD2496 /* ViewController.m in Sources */ = {isa = PBXBuildFile; fileRef = D974FF8419BE6B7400DD2496 /* ViewController.m */; };
		D974FF8819BE6B7400DD2496 /* Main.storyboard in Resources */ = {isa = PBXBuildFile; fileRef = D974FF8619BE6B7400DD2496 /* Main.storyboard */; };
		D974FF8A19BE6B7400DD2496 /* Images.xcassets in Resources */ = {isa = PBXBuildFile; fileRef = D974FF8919BE6B7400DD2496 /* Images.xcassets */; };
		D974FF9619BE6B7400DD2496 /* MyFirstApplicationTests.m in Sources */ = {isa = PBXBuildFile; fileRef = D974FF9519BE6B7400DD2496 /* MyFirstApplicationTests.m */; };
		D9905F2C19BE78AF0070BBD7 /* M1PLbfSaFdvOe8tKP2gB_astronaut.jpg in Resources */ = {isa = PBXBuildFile; fileRef = D9905F2B19BE78AF0070BBD7 /* M1PLbfSaFdvOe8tKP2gB_astronaut.jpg */; };
/* End PBXBuildFile section */

/* Begin PBXContainerItemProxy section */
		D974FF9019BE6B7400DD2496 /* PBXContainerItemProxy */ = {
			isa = PBXContainerItemProxy;
			containerPortal = D974FF7119BE6B7400DD2496 /* Project object */;
			proxyType = 1;
			remoteGlobalIDString = D974FF7819BE6B7400DD2496;
			remoteInfo = MyFirstApplication;
		};
/* End PBXContainerItemProxy section */

/* Begin PBXFileReference section */
		D974FF7919BE6B7400DD2496 /* MyFirstApplication.app */ = {isa = PBXFileReference; explicitFileType = wrapper.application; includeInIndex = 0; path = MyFirstApplication.app; sourceTree = BUILT_PRODUCTS_DIR; };
		D974FF7D19BE6B7400DD2496 /* Info.plist */ = {isa = PBXFileReference; lastKnownFileType = text.plist.xml; path = Info.plist; sourceTree = "<group>"; };
		D974FF7E19BE6B7400DD2496 /* main.m */ = {isa = PBXFileReference; lastKnownFileType = sourcecode.c.objc; path = main.m; sourceTree = "<group>"; };
		D974FF8019BE6B7400DD2496 /* AppDelegate.h */ = {isa = PBXFileReference; lastKnownFileType = sourcecode.c.h; path = AppDelegate.h; sourceTree = "<group>"; };
		D974FF8119BE6B7400DD2496 /* AppDelegate.m */ = {isa = PBXFileReference; lastKnownFileType = sourcecode.c.objc; path = AppDelegate.m; sourceTree = "<group>"; };
		D974FF8319BE6B7400DD2496 /* ViewController.h */ = {isa = PBXFileReference; lastKnownFileType = sourcecode.c.h; path = ViewController.h; sourceTree = "<group>"; };
		D974FF8419BE6B7400DD2496 /* ViewController.m */ = {isa = PBXFileReference; lastKnownFileType = sourcecode.c.objc; path = ViewController.m; sourceTree = "<group>"; };
		D974FF8719BE6B7400DD2496 /* Base */ = {isa = PBXFileReference; lastKnownFileType = file.storyboard; name = Base; path = Base.lproj/Main.storyboard; sourceTree = "<group>"; };
		D974FF8919BE6B7400DD2496 /* Images.xcassets */ = {isa = PBXFileReference; lastKnownFileType = folder.assetcatalog; path = Images.xcassets; sourceTree = "<group>"; };
		D974FF8F19BE6B7400DD2496 /* MyFirstApplicationTests.xctest */ = {isa = PBXFileReference; explicitFileType = wrapper.cfbundle; includeInIndex = 0; path = MyFirstApplicationTests.xctest; sourceTree = BUILT_PRODUCTS_DIR; };
		D974FF9419BE6B7400DD2496 /* Info.plist */ = {isa = PBXFileReference; lastKnownFileType = text.plist.xml; path = Info.plist; sourceTree = "<group>"; };
		D974FF9519BE6B7400DD2496 /* MyFirstApplicationTests.m */ = {isa = PBXFileReference; lastKnownFileType = sourcecode.c.objc; path = MyFirstApplicationTests.m; sourceTree = "<group>"; };
		D9905F2B19BE78AF0070BBD7 /* M1PLbfSaFdvOe8tKP2gB_astronaut.jpg */ = {isa = PBXFileReference; lastKnownFileType = image.jpeg; path = M1PLbfSaFdvOe8tKP2gB_astronaut.jpg; sourceTree = "<group>"; };
/* End PBXFileReference section */

/* Begin PBXFrameworksBuildPhase section */
		D974FF7619BE6B7400DD2496 /* Frameworks */ = {
			isa = PBXFrameworksBuildPhase;
			buildActionMask = 2147483647;
			files = (
			);
			runOnlyForDeploymentPostprocessing = 0;
		};
		D974FF8C19BE6B7400DD2496 /* Frameworks */ = {
			isa = PBXFrameworksBuildPhase;
			buildActionMask = 2147483647;
			files = (
			);
			runOnlyForDeploymentPostprocessing = 0;
		};
/* End PBXFrameworksBuildPhase section */

/* Begin PBXGroup section */
		D974FF7019BE6B7400DD2496 = {
			isa = PBXGroup;
			children = (
				D974FF7B19BE6B7400DD2496 /* MyFirstApplication */,
				D974FF9219BE6B7400DD2496 /* MyFirstApplicationTests */,
				D974FF7A19BE6B7400DD2496 /* Products */,
			);
			sourceTree = "<group>";
		};
		D974FF7A19BE6B7400DD2496 /* Products */ = {
			isa = PBXGroup;
			children = (
				D974FF7919BE6B7400DD2496 /* MyFirstApplication.app */,
				D974FF8F19BE6B7400DD2496 /* MyFirstApplicationTests.xctest */,
			);
			name = Products;
			sourceTree = "<group>";
		};
		D974FF7B19BE6B7400DD2496 /* MyFirstApplication */ = {
			isa = PBXGroup;
			children = (
				D974FF8019BE6B7400DD2496 /* AppDelegate.h */,
				D974FF8119BE6B7400DD2496 /* AppDelegate.m */,
				D974FF8319BE6B7400DD2496 /* ViewController.h */,
				D974FF8419BE6B7400DD2496 /* ViewController.m */,
				D974FF8619BE6B7400DD2496 /* Main.storyboard */,
				D974FF8919BE6B7400DD2496 /* Images.xcassets */,
				D974FF7C19BE6B7400DD2496 /* Supporting Files */,
			);
			path = MyFirstApplication;
			sourceTree = "<group>";
		};
		D974FF7C19BE6B7400DD2496 /* Supporting Files */ = {
			isa = PBXGroup;
			children = (
				D9905F2B19BE78AF0070BBD7 /* M1PLbfSaFdvOe8tKP2gB_astronaut.jpg */,
				D974FF7D19BE6B7400DD2496 /* Info.plist */,
				D974FF7E19BE6B7400DD2496 /* main.m */,
			);
			name = "Supporting Files";
			sourceTree = "<group>";
		};
		D974FF9219BE6B7400DD2496 /* MyFirstApplicationTests */ = {
			isa = PBXGroup;
			children = (
				D974FF9519BE6B7400DD2496 /* MyFirstApplicationTests.m */,
				D974FF9319BE6B7400DD2496 /* Supporting Files */,
			);
			path = MyFirstApplicationTests;
			sourceTree = "<group>";
		};
		D974FF9319BE6B7400DD2496 /* Supporting Files */ = {
			isa = PBXGroup;
			children = (
				D974FF9419BE6B7400DD2496 /* Info.plist */,
			);
			name = "Supporting Files";
			sourceTree = "<group>";
		};
/* End PBXGroup section */

/* Begin PBXNativeTarget section */
		D974FF7819BE6B7400DD2496 /* MyFirstApplication */ = {
			isa = PBXNativeTarget;
			buildConfigurationList = D974FF9919BE6B7400DD2496 /* Build configuration list for PBXNativeTarget "MyFirstApplication" */;
			buildPhases = (
				D974FF7519BE6B7400DD2496 /* Sources */,
				D974FF7619BE6B7400DD2496 /* Frameworks */,
				D974FF7719BE6B7400DD2496 /* Resources */,
			);
			buildRules = (
			);
			dependencies = (
			);
			name = MyFirstApplication;
			productName = MyFirstApplication;
			productReference = D974FF7919BE6B7400DD2496 /* MyFirstApplication.app */;
			productType = "com.apple.product-type.application";
		};
		D974FF8E19BE6B7400DD2496 /* MyFirstApplicationTests */ = {
			isa = PBXNativeTarget;
			buildConfigurationList = D974FF9C19BE6B7400DD2496 /* Build configuration list for PBXNativeTarget "MyFirstApplicationTests" */;
			buildPhases = (
				D974FF8B19BE6B7400DD2496 /* Sources */,
				D974FF8C19BE6B7400DD2496 /* Frameworks */,
				D974FF8D19BE6B7400DD2496 /* Resources */,
			);
			buildRules = (
			);
			dependencies = (
				D974FF9119BE6B7400DD2496 /* PBXTargetDependency */,
			);
			name = MyFirstApplicationTests;
			productName = MyFirstApplicationTests;
			productReference = D974FF8F19BE6B7400DD2496 /* MyFirstApplicationTests.xctest */;
			productType = "com.apple.product-type.bundle.unit-test";
		};
/* End PBXNativeTarget section */

/* Begin PBXProject section */
		D974FF7119BE6B7400DD2496 /* Project object */ = {
			isa = PBXProject;
			attributes = {
				LastUpgradeCheck = 0600;
				ORGANIZATIONNAME = "Javlon Usmanov";
				TargetAttributes = {
					D974FF7819BE6B7400DD2496 = {
						CreatedOnToolsVersion = 6.0;
					};
					D974FF8E19BE6B7400DD2496 = {
						CreatedOnToolsVersion = 6.0;
						TestTargetID = D974FF7819BE6B7400DD2496;
					};
				};
			};
			buildConfigurationList = D974FF7419BE6B7400DD2496 /* Build configuration list for PBXProject "MyFirstApplication" */;
			compatibilityVersion = "Xcode 3.2";
			developmentRegion = English;
			hasScannedForEncodings = 0;
			knownRegions = (
				en,
				Base,
			);
			mainGroup = D974FF7019BE6B7400DD2496;
			productRefGroup = D974FF7A19BE6B7400DD2496 /* Products */;
			projectDirPath = "";
			projectRoot = "";
			targets = (
				D974FF7819BE6B7400DD2496 /* MyFirstApplication */,
				D974FF8E19BE6B7400DD2496 /* MyFirstApplicationTests */,
			);
		};
/* End PBXProject section */

/* Begin PBXResourcesBuildPhase section */
		D974FF7719BE6B7400DD2496 /* Resources */ = {
			isa = PBXResourcesBuildPhase;
			buildActionMask = 2147483647;
			files = (
				D974FF8819BE6B7400DD2496 /* Main.storyboard in Resources */,
				D974FF8A19BE6B7400DD2496 /* Images.xcassets in Resources */,
				D9905F2C19BE78AF0070BBD7 /* M1PLbfSaFdvOe8tKP2gB_astronaut.jpg in Resources */,
			);
			runOnlyForDeploymentPostprocessing = 0;
		};
		D974FF8D19BE6B7400DD2496 /* Resources */ = {
			isa = PBXResourcesBuildPhase;
			buildActionMask = 2147483647;
			files = (
			);
			runOnlyForDeploymentPostprocessing = 0;
		};
/* End PBXResourcesBuildPhase section */

/* Begin PBXSourcesBuildPhase section */
		D974FF7519BE6B7400DD2496 /* Sources */ = {
			isa = PBXSourcesBuildPhase;
			buildActionMask = 2147483647;
			files = (
				D974FF8519BE6B7400DD2496 /* ViewController.m in Sources */,
				D974FF8219BE6B7400DD2496 /* AppDelegate.m in Sources */,
				D974FF7F19BE6B7400DD2496 /* main.m in Sources */,
			);
			runOnlyForDeploymentPostprocessing = 0;
		};
		D974FF8B19BE6B7400DD2496 /* Sources */ = {
			isa = PBXSourcesBuildPhase;
			buildActionMask = 2147483647;
			files = (
				D974FF9619BE6B7400DD2496 /* MyFirstApplicationTests.m in Sources */,
			);
			runOnlyForDeploymentPostprocessing = 0;
		};
/* End PBXSourcesBuildPhase section */

/* Begin PBXTargetDependency section */
		D974FF9119BE6B7400DD2496 /* PBXTargetDependency */ = {
			isa = PBXTargetDependency;
			target = D974FF7819BE6B7400DD2496 /* MyFirstApplication */;
			targetProxy = D974FF9019BE6B7400DD2496 /* PBXContainerItemProxy */;
		};
/* End PBXTargetDependency section */

/* Begin PBXVariantGroup section */
		D974FF8619BE6B7400DD2496 /* Main.storyboard */ = {
			isa = PBXVariantGroup;
			children = (
				D974FF8719BE6B7400DD2496 /* Base */,
			);
			name = Main.storyboard;
			sourceTree = "<group>";
		};
/* End PBXVariantGroup section */

/* Begin XCBuildConfiguration section */
		D974FF9719BE6B7400DD2496 /* Debug */ = {
			isa = XCBuildConfiguration;
			buildSettings = {
				ALWAYS_SEARCH_USER_PATHS = NO;
				CLANG_CXX_LANGUAGE_STANDARD = "gnu++0x";
				CLANG_CXX_LIBRARY = "libc++";
				CLANG_ENABLE_MODULES = YES;
				CLANG_ENABLE_OBJC_ARC = YES;
				CLANG_WARN_BOOL_CONVERSION = YES;
				CLANG_WARN_CONSTANT_CONVERSION = YES;
				CLANG_WARN_DIRECT_OBJC_ISA_USAGE = YES_ERROR;
				CLANG_WARN_EMPTY_BODY = YES;
				CLANG_WARN_ENUM_CONVERSION = YES;
				CLANG_WARN_INT_CONVERSION = YES;
				CLANG_WARN_OBJC_ROOT_CLASS = YES_ERROR;
				CLANG_WARN_UNREACHABLE_CODE = YES;
				CLANG_WARN__DUPLICATE_METHOD_MATCH = YES;
				"CODE_SIGN_IDENTITY[sdk=iphoneos*]" = "iPhone Developer";
				COPY_PHASE_STRIP = NO;
				ENABLE_STRICT_OBJC_MSGSEND = YES;
				GCC_C_LANGUAGE_STANDARD = gnu99;
				GCC_DYNAMIC_NO_PIC = NO;
				GCC_OPTIMIZATION_LEVEL = 0;
				GCC_PREPROCESSOR_DEFINITIONS = (
					"DEBUG=1",
					"$(inherited)",
				);
				GCC_SYMBOLS_PRIVATE_EXTERN = NO;
				GCC_WARN_64_TO_32_BIT_CONVERSION = YES;
				GCC_WARN_ABOUT_RETURN_TYPE = YES_ERROR;
				GCC_WARN_UNDECLARED_SELECTOR = YES;
				GCC_WARN_UNINITIALIZED_AUTOS = YES_AGGRESSIVE;
				GCC_WARN_UNUSED_FUNCTION = YES;
				GCC_WARN_UNUSED_VARIABLE = YES;
				IPHONEOS_DEPLOYMENT_TARGET = 8.0;
				MTL_ENABLE_DEBUG_INFO = YES;
				ONLY_ACTIVE_ARCH = YES;
				SDKROOT = iphoneos;
			};
			name = Debug;
		};
		D974FF9819BE6B7400DD2496 /* Release */ = {
			isa = XCBuildConfiguration;
			buildSettings = {
				ALWAYS_SEARCH_USER_PATHS = NO;
				CLANG_CXX_LANGUAGE_STANDARD = "gnu++0x";
				CLANG_CXX_LIBRARY = "libc++";
				CLANG_ENABLE_MODULES = YES;
				CLANG_ENABLE_OBJC_ARC = YES;
				CLANG_WARN_BOOL_CONVERSION = YES;
				CLANG_WARN_CONSTANT_CONVERSION = YES;
				CLANG_WARN_DIRECT_OBJC_ISA_USAGE = YES_ERROR;
				CLANG_WARN_EMPTY_BODY = YES;
				CLANG_WARN_ENUM_CONVERSION = YES;
				CLANG_WARN_INT_CONVERSION = YES;
				CLANG_WARN_OBJC_ROOT_CLASS = YES_ERROR;
				CLANG_WARN_UNREACHABLE_CODE = YES;
				CLANG_WARN__DUPLICATE_METHOD_MATCH = YES;
				"CODE_SIGN_IDENTITY[sdk=iphoneos*]" = "iPhone Developer";
				COPY_PHASE_STRIP = YES;
				ENABLE_NS_ASSERTIONS = NO;
				ENABLE_STRICT_OBJC_MSGSEND = YES;
				GCC_C_LANGUAGE_STANDARD = gnu99;
				GCC_WARN_64_TO_32_BIT_CONVERSION = YES;
				GCC_WARN_ABOUT_RETURN_TYPE = YES_ERROR;
				GCC_WARN_UNDECLARED_SELECTOR = YES;
				GCC_WARN_UNINITIALIZED_AUTOS = YES_AGGRESSIVE;
				GCC_WARN_UNUSED_FUNCTION = YES;
				GCC_WARN_UNUSED_VARIABLE = YES;
				IPHONEOS_DEPLOYMENT_TARGET = 8.0;
				MTL_ENABLE_DEBUG_INFO = NO;
				SDKROOT = iphoneos;
				VALIDATE_PRODUCT = YES;
			};
			name = Release;
		};
		D974FF9A19BE6B7400DD2496 /* Debug */ = {
			isa = XCBuildConfiguration;
			buildSettings = {
				ASSETCATALOG_COMPILER_APPICON_NAME = AppIcon;
				ASSETCATALOG_COMPILER_LAUNCHIMAGE_NAME = LaunchImage;
				INFOPLIST_FILE = MyFirstApplication/Info.plist;
				IPHONEOS_DEPLOYMENT_TARGET = 7.1;
				LD_RUNPATH_SEARCH_PATHS = "$(inherited) @executable_path/Frameworks";
				PRODUCT_NAME = "$(TARGET_NAME)";
				TARGETED_DEVICE_FAMILY = "1,2";
			};
			name = Debug;
		};
		D974FF9B19BE6B7400DD2496 /* Release */ = {
			isa = XCBuildConfiguration;
			buildSettings = {
				ASSETCATALOG_COMPILER_APPICON_NAME = AppIcon;
				ASSETCATALOG_COMPILER_LAUNCHIMAGE_NAME = LaunchImage;
				INFOPLIST_FILE = MyFirstApplication/Info.plist;
				IPHONEOS_DEPLOYMENT_TARGET = 7.1;
				LD_RUNPATH_SEARCH_PATHS = "$(inherited) @executable_path/Frameworks";
				PRODUCT_NAME = "$(TARGET_NAME)";
				TARGETED_DEVICE_FAMILY = "1,2";
			};
			name = Release;
		};
		D974FF9D19BE6B7400DD2496 /* Debug */ = {
			isa = XCBuildConfiguration;
			buildSettings = {
				BUNDLE_LOADER = "$(TEST_HOST)";
				FRAMEWORK_SEARCH_PATHS = (
					"$(SDKROOT)/Developer/Library/Frameworks",
					"$(inherited)",
				);
				GCC_PREPROCESSOR_DEFINITIONS = (
					"DEBUG=1",
					"$(inherited)",
				);
				INFOPLIST_FILE = MyFirstApplicationTests/Info.plist;
				IPHONEOS_DEPLOYMENT_TARGET = 7.1;
				LD_RUNPATH_SEARCH_PATHS = "$(inherited) @executable_path/Frameworks @loader_path/Frameworks";
				PRODUCT_NAME = "$(TARGET_NAME)";
				TEST_HOST = "$(BUILT_PRODUCTS_DIR)/MyFirstApplication.app/MyFirstApplication";
			};
			name = Debug;
		};
		D974FF9E19BE6B7400DD2496 /* Release */ = {
			isa = XCBuildConfiguration;
			buildSettings = {
				BUNDLE_LOADER = "$(TEST_HOST)";
				FRAMEWORK_SEARCH_PATHS = (
					"$(SDKROOT)/Developer/Library/Frameworks",
					"$(inherited)",
				);
				INFOPLIST_FILE = MyFirstApplicationTests/Info.plist;
				IPHONEOS_DEPLOYMENT_TARGET = 7.1;
				LD_RUNPATH_SEARCH_PATHS = "$(inherited) @executable_path/Frameworks @loader_path/Frameworks";
				PRODUCT_NAME = "$(TARGET_NAME)";
				TEST_HOST = "$(BUILT_PRODUCTS_DIR)/MyFirstApplication.app/MyFirstApplication";
			};
			name = Release;
		};
/* End XCBuildConfiguration section */

/* Begin XCConfigurationList section */
		D974FF7419BE6B7400DD2496 /* Build configuration list for PBXProject "MyFirstApplication" */ = {
			isa = XCConfigurationList;
			buildConfigurations = (
				D974FF9719BE6B7400DD2496 /* Debug */,
				D974FF9819BE6B7400DD2496 /* Release */,
			);
			defaultConfigurationIsVisible = 0;
			defaultConfigurationName = Release;
		};
		D974FF9919BE6B7400DD2496 /* Build configuration list for PBXNativeTarget "MyFirstApplication" */ = {
			isa = XCConfigurationList;
			buildConfigurations = (
				D974FF9A19BE6B7400DD2496 /* Debug */,
				D974FF9B19BE6B7400DD2496 /* Release */,
			);
			defaultConfigurationIsVisible = 0;
			defaultConfigurationName = Release;
		};
		D974FF9C19BE6B7400DD2496 /* Build configuration list for PBXNativeTarget "MyFirstApplicationTests" */ = {
			isa = XCConfigurationList;
			buildConfigurations = (
				D974FF9D19BE6B7400DD2496 /* Debug */,
				D974FF9E19BE6B7400DD2496 /* Release */,
			);
			defaultConfigurationIsVisible = 0;
			defaultConfigurationName = Release;
		};
/* End XCConfigurationList section */
	};
	rootObject = D974FF7119BE6B7400DD2496 /* Project object */;
}
