// !$*UTF8*$!
{
	archiveVersion = 1;
	classes = {
	};
	objectVersion = 46;
	objects = {

/* Begin PBXBuildFile section */
		D90247531A14168C00C40766 /* AudioToolbox.framework in Frameworks */ = {isa = PBXBuildFile; fileRef = D90247521A14168C00C40766 /* AudioToolbox.framework */; };
		D90247551A14169200C40766 /* CFNetwork.framework in Frameworks */ = {isa = PBXBuildFile; fileRef = D90247541A14169200C40766 /* CFNetwork.framework */; };
		D90247571A14169A00C40766 /* CoreGraphics.framework in Frameworks */ = {isa = PBXBuildFile; fileRef = D90247561A14169A00C40766 /* CoreGraphics.framework */; };
		D90247591A1416A100C40766 /* CoreLocation.framework in Frameworks */ = {isa = PBXBuildFile; fileRef = D90247581A1416A100C40766 /* CoreLocation.framework */; };
		D902475B1A1416A900C40766 /* libz.dylib in Frameworks */ = {isa = PBXBuildFile; fileRef = D902475A1A1416A900C40766 /* libz.dylib */; };
		D902475D1A1416AE00C40766 /* MobileCoreServices.framework in Frameworks */ = {isa = PBXBuildFile; fileRef = D902475C1A1416AE00C40766 /* MobileCoreServices.framework */; };
		D902475F1A1416B300C40766 /* QuartzCore.framework in Frameworks */ = {isa = PBXBuildFile; fileRef = D902475E1A1416B300C40766 /* QuartzCore.framework */; };
		D90247611A1416BA00C40766 /* Security.framework in Frameworks */ = {isa = PBXBuildFile; fileRef = D90247601A1416BA00C40766 /* Security.framework */; };
		D90247631A1416BF00C40766 /* StoreKit.framework in Frameworks */ = {isa = PBXBuildFile; fileRef = D90247621A1416BF00C40766 /* StoreKit.framework */; };
		D90247651A1416CA00C40766 /* SystemConfiguration.framework in Frameworks */ = {isa = PBXBuildFile; fileRef = D90247641A1416CA00C40766 /* SystemConfiguration.framework */; };
		D902476A1A1416D800C40766 /* Bolts.framework in Frameworks */ = {isa = PBXBuildFile; fileRef = D90247661A1416D700C40766 /* Bolts.framework */; };
		D902476B1A1416D800C40766 /* Parse.framework in Frameworks */ = {isa = PBXBuildFile; fileRef = D90247671A1416D800C40766 /* Parse.framework */; };
		D902476C1A1416D800C40766 /* ParseFacebookUtils.framework in Frameworks */ = {isa = PBXBuildFile; fileRef = D90247681A1416D800C40766 /* ParseFacebookUtils.framework */; };
		D902476D1A1416D800C40766 /* ParseUI.framework in Frameworks */ = {isa = PBXBuildFile; fileRef = D90247691A1416D800C40766 /* ParseUI.framework */; };
		D9637B7C1A13DFFB000F2D42 /* Person.swift in Sources */ = {isa = PBXBuildFile; fileRef = D9637B7B1A13DFFB000F2D42 /* Person.swift */; };
		D9637B7E1A13E005000F2D42 /* Location.swift in Sources */ = {isa = PBXBuildFile; fileRef = D9637B7D1A13E005000F2D42 /* Location.swift */; };
		D969A6181A13D1DF005FFAD0 /* AppDelegate.swift in Sources */ = {isa = PBXBuildFile; fileRef = D969A6171A13D1DF005FFAD0 /* AppDelegate.swift */; };
		D969A61A1A13D1DF005FFAD0 /* ViewController.swift in Sources */ = {isa = PBXBuildFile; fileRef = D969A6191A13D1DF005FFAD0 /* ViewController.swift */; };
		D969A61D1A13D1DF005FFAD0 /* Main.storyboard in Resources */ = {isa = PBXBuildFile; fileRef = D969A61B1A13D1DF005FFAD0 /* Main.storyboard */; };
		D969A61F1A13D1DF005FFAD0 /* Images.xcassets in Resources */ = {isa = PBXBuildFile; fileRef = D969A61E1A13D1DF005FFAD0 /* Images.xcassets */; };
		D969A6221A13D1DF005FFAD0 /* LaunchScreen.xib in Resources */ = {isa = PBXBuildFile; fileRef = D969A6201A13D1DF005FFAD0 /* LaunchScreen.xib */; };
		D969A62E1A13D1DF005FFAD0 /* PinPointTests.swift in Sources */ = {isa = PBXBuildFile; fileRef = D969A62D1A13D1DF005FFAD0 /* PinPointTests.swift */; };
/* End PBXBuildFile section */

/* Begin PBXContainerItemProxy section */
		D969A6281A13D1DF005FFAD0 /* PBXContainerItemProxy */ = {
			isa = PBXContainerItemProxy;
			containerPortal = D969A60A1A13D1DE005FFAD0 /* Project object */;
			proxyType = 1;
			remoteGlobalIDString = D969A6111A13D1DE005FFAD0;
			remoteInfo = PinPoint;
		};
/* End PBXContainerItemProxy section */

/* Begin PBXFileReference section */
		D90247521A14168C00C40766 /* AudioToolbox.framework */ = {isa = PBXFileReference; lastKnownFileType = wrapper.framework; name = AudioToolbox.framework; path = System/Library/Frameworks/AudioToolbox.framework; sourceTree = SDKROOT; };
		D90247541A14169200C40766 /* CFNetwork.framework */ = {isa = PBXFileReference; lastKnownFileType = wrapper.framework; name = CFNetwork.framework; path = System/Library/Frameworks/CFNetwork.framework; sourceTree = SDKROOT; };
		D90247561A14169A00C40766 /* CoreGraphics.framework */ = {isa = PBXFileReference; lastKnownFileType = wrapper.framework; name = CoreGraphics.framework; path = System/Library/Frameworks/CoreGraphics.framework; sourceTree = SDKROOT; };
		D90247581A1416A100C40766 /* CoreLocation.framework */ = {isa = PBXFileReference; lastKnownFileType = wrapper.framework; name = CoreLocation.framework; path = System/Library/Frameworks/CoreLocation.framework; sourceTree = SDKROOT; };
		D902475A1A1416A900C40766 /* libz.dylib */ = {isa = PBXFileReference; lastKnownFileType = "compiled.mach-o.dylib"; name = libz.dylib; path = usr/lib/libz.dylib; sourceTree = SDKROOT; };
		D902475C1A1416AE00C40766 /* MobileCoreServices.framework */ = {isa = PBXFileReference; lastKnownFileType = wrapper.framework; name = MobileCoreServices.framework; path = System/Library/Frameworks/MobileCoreServices.framework; sourceTree = SDKROOT; };
		D902475E1A1416B300C40766 /* QuartzCore.framework */ = {isa = PBXFileReference; lastKnownFileType = wrapper.framework; name = QuartzCore.framework; path = System/Library/Frameworks/QuartzCore.framework; sourceTree = SDKROOT; };
		D90247601A1416BA00C40766 /* Security.framework */ = {isa = PBXFileReference; lastKnownFileType = wrapper.framework; name = Security.framework; path = System/Library/Frameworks/Security.framework; sourceTree = SDKROOT; };
		D90247621A1416BF00C40766 /* StoreKit.framework */ = {isa = PBXFileReference; lastKnownFileType = wrapper.framework; name = StoreKit.framework; path = System/Library/Frameworks/StoreKit.framework; sourceTree = SDKROOT; };
		D90247641A1416CA00C40766 /* SystemConfiguration.framework */ = {isa = PBXFileReference; lastKnownFileType = wrapper.framework; name = SystemConfiguration.framework; path = System/Library/Frameworks/SystemConfiguration.framework; sourceTree = SDKROOT; };
		D90247661A1416D700C40766 /* Bolts.framework */ = {isa = PBXFileReference; lastKnownFileType = wrapper.framework; name = Bolts.framework; path = "../../../Downloads/parse-library-1/Bolts.framework"; sourceTree = "<group>"; };
		D90247671A1416D800C40766 /* Parse.framework */ = {isa = PBXFileReference; lastKnownFileType = wrapper.framework; name = Parse.framework; path = "../../../Downloads/parse-library-1/Parse.framework"; sourceTree = "<group>"; };
		D90247681A1416D800C40766 /* ParseFacebookUtils.framework */ = {isa = PBXFileReference; lastKnownFileType = wrapper.framework; name = ParseFacebookUtils.framework; path = "../../../Downloads/parse-library-1/ParseFacebookUtils.framework"; sourceTree = "<group>"; };
		D90247691A1416D800C40766 /* ParseUI.framework */ = {isa = PBXFileReference; lastKnownFileType = wrapper.framework; name = ParseUI.framework; path = "../../../Downloads/parse-library-1/ParseUI.framework"; sourceTree = "<group>"; };
		D9637B7B1A13DFFB000F2D42 /* Person.swift */ = {isa = PBXFileReference; fileEncoding = 4; lastKnownFileType = sourcecode.swift; path = Person.swift; sourceTree = "<group>"; };
		D9637B7D1A13E005000F2D42 /* Location.swift */ = {isa = PBXFileReference; fileEncoding = 4; lastKnownFileType = sourcecode.swift; path = Location.swift; sourceTree = "<group>"; };
		D9637B7F1A13E017000F2D42 /* PinPoint-Bridging-Header.h */ = {isa = PBXFileReference; lastKnownFileType = sourcecode.c.h; path = "PinPoint-Bridging-Header.h"; sourceTree = "<group>"; };
		D969A6121A13D1DF005FFAD0 /* PinPoint.app */ = {isa = PBXFileReference; explicitFileType = wrapper.application; includeInIndex = 0; path = PinPoint.app; sourceTree = BUILT_PRODUCTS_DIR; };
		D969A6161A13D1DF005FFAD0 /* Info.plist */ = {isa = PBXFileReference; lastKnownFileType = text.plist.xml; path = Info.plist; sourceTree = "<group>"; };
		D969A6171A13D1DF005FFAD0 /* AppDelegate.swift */ = {isa = PBXFileReference; lastKnownFileType = sourcecode.swift; path = AppDelegate.swift; sourceTree = "<group>"; };
		D969A6191A13D1DF005FFAD0 /* ViewController.swift */ = {isa = PBXFileReference; lastKnownFileType = sourcecode.swift; path = ViewController.swift; sourceTree = "<group>"; };
		D969A61C1A13D1DF005FFAD0 /* Base */ = {isa = PBXFileReference; lastKnownFileType = file.storyboard; name = Base; path = Base.lproj/Main.storyboard; sourceTree = "<group>"; };
		D969A61E1A13D1DF005FFAD0 /* Images.xcassets */ = {isa = PBXFileReference; lastKnownFileType = folder.assetcatalog; path = Images.xcassets; sourceTree = "<group>"; };
		D969A6211A13D1DF005FFAD0 /* Base */ = {isa = PBXFileReference; lastKnownFileType = file.xib; name = Base; path = Base.lproj/LaunchScreen.xib; sourceTree = "<group>"; };
		D969A6271A13D1DF005FFAD0 /* PinPointTests.xctest */ = {isa = PBXFileReference; explicitFileType = wrapper.cfbundle; includeInIndex = 0; path = PinPointTests.xctest; sourceTree = BUILT_PRODUCTS_DIR; };
		D969A62C1A13D1DF005FFAD0 /* Info.plist */ = {isa = PBXFileReference; lastKnownFileType = text.plist.xml; path = Info.plist; sourceTree = "<group>"; };
		D969A62D1A13D1DF005FFAD0 /* PinPointTests.swift */ = {isa = PBXFileReference; lastKnownFileType = sourcecode.swift; path = PinPointTests.swift; sourceTree = "<group>"; };
/* End PBXFileReference section */

/* Begin PBXFrameworksBuildPhase section */
		D969A60F1A13D1DE005FFAD0 /* Frameworks */ = {
			isa = PBXFrameworksBuildPhase;
			buildActionMask = 2147483647;
			files = (
				D902476A1A1416D800C40766 /* Bolts.framework in Frameworks */,
				D902476B1A1416D800C40766 /* Parse.framework in Frameworks */,
				D902476C1A1416D800C40766 /* ParseFacebookUtils.framework in Frameworks */,
				D902476D1A1416D800C40766 /* ParseUI.framework in Frameworks */,
				D90247651A1416CA00C40766 /* SystemConfiguration.framework in Frameworks */,
				D90247631A1416BF00C40766 /* StoreKit.framework in Frameworks */,
				D90247611A1416BA00C40766 /* Security.framework in Frameworks */,
				D902475F1A1416B300C40766 /* QuartzCore.framework in Frameworks */,
				D902475D1A1416AE00C40766 /* MobileCoreServices.framework in Frameworks */,
				D902475B1A1416A900C40766 /* libz.dylib in Frameworks */,
				D90247591A1416A100C40766 /* CoreLocation.framework in Frameworks */,
				D90247571A14169A00C40766 /* CoreGraphics.framework in Frameworks */,
				D90247551A14169200C40766 /* CFNetwork.framework in Frameworks */,
				D90247531A14168C00C40766 /* AudioToolbox.framework in Frameworks */,
			);
			runOnlyForDeploymentPostprocessing = 0;
		};
		D969A6241A13D1DF005FFAD0 /* Frameworks */ = {
			isa = PBXFrameworksBuildPhase;
			buildActionMask = 2147483647;
			files = (
			);
			runOnlyForDeploymentPostprocessing = 0;
		};
/* End PBXFrameworksBuildPhase section */

/* Begin PBXGroup section */
		D969A6091A13D1DE005FFAD0 = {
			isa = PBXGroup;
			children = (
				D90247661A1416D700C40766 /* Bolts.framework */,
				D90247671A1416D800C40766 /* Parse.framework */,
				D90247681A1416D800C40766 /* ParseFacebookUtils.framework */,
				D90247691A1416D800C40766 /* ParseUI.framework */,
				D90247641A1416CA00C40766 /* SystemConfiguration.framework */,
				D90247621A1416BF00C40766 /* StoreKit.framework */,
				D90247601A1416BA00C40766 /* Security.framework */,
				D902475E1A1416B300C40766 /* QuartzCore.framework */,
				D902475C1A1416AE00C40766 /* MobileCoreServices.framework */,
				D902475A1A1416A900C40766 /* libz.dylib */,
				D90247581A1416A100C40766 /* CoreLocation.framework */,
				D90247561A14169A00C40766 /* CoreGraphics.framework */,
				D90247541A14169200C40766 /* CFNetwork.framework */,
				D90247521A14168C00C40766 /* AudioToolbox.framework */,
				D9637B7D1A13E005000F2D42 /* Location.swift */,
				D969A6141A13D1DF005FFAD0 /* PinPoint */,
				D969A62A1A13D1DF005FFAD0 /* PinPointTests */,
				D969A6131A13D1DF005FFAD0 /* Products */,
				D9637B7F1A13E017000F2D42 /* PinPoint-Bridging-Header.h */,
			);
			sourceTree = "<group>";
		};
		D969A6131A13D1DF005FFAD0 /* Products */ = {
			isa = PBXGroup;
			children = (
				D969A6121A13D1DF005FFAD0 /* PinPoint.app */,
				D969A6271A13D1DF005FFAD0 /* PinPointTests.xctest */,
			);
			name = Products;
			sourceTree = "<group>";
		};
		D969A6141A13D1DF005FFAD0 /* PinPoint */ = {
			isa = PBXGroup;
			children = (
				D9637B7B1A13DFFB000F2D42 /* Person.swift */,
				D969A6171A13D1DF005FFAD0 /* AppDelegate.swift */,
				D969A6191A13D1DF005FFAD0 /* ViewController.swift */,
				D969A61B1A13D1DF005FFAD0 /* Main.storyboard */,
				D969A61E1A13D1DF005FFAD0 /* Images.xcassets */,
				D969A6201A13D1DF005FFAD0 /* LaunchScreen.xib */,
				D969A6151A13D1DF005FFAD0 /* Supporting Files */,
			);
			path = PinPoint;
			sourceTree = "<group>";
		};
		D969A6151A13D1DF005FFAD0 /* Supporting Files */ = {
			isa = PBXGroup;
			children = (
				D969A6161A13D1DF005FFAD0 /* Info.plist */,
			);
			name = "Supporting Files";
			sourceTree = "<group>";
		};
		D969A62A1A13D1DF005FFAD0 /* PinPointTests */ = {
			isa = PBXGroup;
			children = (
				D969A62D1A13D1DF005FFAD0 /* PinPointTests.swift */,
				D969A62B1A13D1DF005FFAD0 /* Supporting Files */,
			);
			path = PinPointTests;
			sourceTree = "<group>";
		};
		D969A62B1A13D1DF005FFAD0 /* Supporting Files */ = {
			isa = PBXGroup;
			children = (
				D969A62C1A13D1DF005FFAD0 /* Info.plist */,
			);
			name = "Supporting Files";
			sourceTree = "<group>";
		};
/* End PBXGroup section */

/* Begin PBXNativeTarget section */
		D969A6111A13D1DE005FFAD0 /* PinPoint */ = {
			isa = PBXNativeTarget;
			buildConfigurationList = D969A6311A13D1DF005FFAD0 /* Build configuration list for PBXNativeTarget "PinPoint" */;
			buildPhases = (
				D969A60E1A13D1DE005FFAD0 /* Sources */,
				D969A60F1A13D1DE005FFAD0 /* Frameworks */,
				D969A6101A13D1DE005FFAD0 /* Resources */,
			);
			buildRules = (
			);
			dependencies = (
			);
			name = PinPoint;
			productName = PinPoint;
			productReference = D969A6121A13D1DF005FFAD0 /* PinPoint.app */;
			productType = "com.apple.product-type.application";
		};
		D969A6261A13D1DF005FFAD0 /* PinPointTests */ = {
			isa = PBXNativeTarget;
			buildConfigurationList = D969A6341A13D1DF005FFAD0 /* Build configuration list for PBXNativeTarget "PinPointTests" */;
			buildPhases = (
				D969A6231A13D1DF005FFAD0 /* Sources */,
				D969A6241A13D1DF005FFAD0 /* Frameworks */,
				D969A6251A13D1DF005FFAD0 /* Resources */,
			);
			buildRules = (
			);
			dependencies = (
				D969A6291A13D1DF005FFAD0 /* PBXTargetDependency */,
			);
			name = PinPointTests;
			productName = PinPointTests;
			productReference = D969A6271A13D1DF005FFAD0 /* PinPointTests.xctest */;
			productType = "com.apple.product-type.bundle.unit-test";
		};
/* End PBXNativeTarget section */

/* Begin PBXProject section */
		D969A60A1A13D1DE005FFAD0 /* Project object */ = {
			isa = PBXProject;
			attributes = {
				LastUpgradeCheck = 0600;
				ORGANIZATIONNAME = "Javlon Usmanov";
				TargetAttributes = {
					D969A6111A13D1DE005FFAD0 = {
						CreatedOnToolsVersion = 6.0;
						DevelopmentTeam = 6QN349HHUB;
					};
					D969A6261A13D1DF005FFAD0 = {
						CreatedOnToolsVersion = 6.0;
						TestTargetID = D969A6111A13D1DE005FFAD0;
					};
				};
			};
			buildConfigurationList = D969A60D1A13D1DE005FFAD0 /* Build configuration list for PBXProject "PinPoint" */;
			compatibilityVersion = "Xcode 3.2";
			developmentRegion = English;
			hasScannedForEncodings = 0;
			knownRegions = (
				en,
				Base,
			);
			mainGroup = D969A6091A13D1DE005FFAD0;
			productRefGroup = D969A6131A13D1DF005FFAD0 /* Products */;
			projectDirPath = "";
			projectRoot = "";
			targets = (
				D969A6111A13D1DE005FFAD0 /* PinPoint */,
				D969A6261A13D1DF005FFAD0 /* PinPointTests */,
			);
		};
/* End PBXProject section */

/* Begin PBXResourcesBuildPhase section */
		D969A6101A13D1DE005FFAD0 /* Resources */ = {
			isa = PBXResourcesBuildPhase;
			buildActionMask = 2147483647;
			files = (
				D969A61D1A13D1DF005FFAD0 /* Main.storyboard in Resources */,
				D969A6221A13D1DF005FFAD0 /* LaunchScreen.xib in Resources */,
				D969A61F1A13D1DF005FFAD0 /* Images.xcassets in Resources */,
			);
			runOnlyForDeploymentPostprocessing = 0;
		};
		D969A6251A13D1DF005FFAD0 /* Resources */ = {
			isa = PBXResourcesBuildPhase;
			buildActionMask = 2147483647;
			files = (
			);
			runOnlyForDeploymentPostprocessing = 0;
		};
/* End PBXResourcesBuildPhase section */

/* Begin PBXSourcesBuildPhase section */
		D969A60E1A13D1DE005FFAD0 /* Sources */ = {
			isa = PBXSourcesBuildPhase;
			buildActionMask = 2147483647;
			files = (
				D9637B7C1A13DFFB000F2D42 /* Person.swift in Sources */,
				D969A61A1A13D1DF005FFAD0 /* ViewController.swift in Sources */,
				D9637B7E1A13E005000F2D42 /* Location.swift in Sources */,
				D969A6181A13D1DF005FFAD0 /* AppDelegate.swift in Sources */,
			);
			runOnlyForDeploymentPostprocessing = 0;
		};
		D969A6231A13D1DF005FFAD0 /* Sources */ = {
			isa = PBXSourcesBuildPhase;
			buildActionMask = 2147483647;
			files = (
				D969A62E1A13D1DF005FFAD0 /* PinPointTests.swift in Sources */,
			);
			runOnlyForDeploymentPostprocessing = 0;
		};
/* End PBXSourcesBuildPhase section */

/* Begin PBXTargetDependency section */
		D969A6291A13D1DF005FFAD0 /* PBXTargetDependency */ = {
			isa = PBXTargetDependency;
			target = D969A6111A13D1DE005FFAD0 /* PinPoint */;
			targetProxy = D969A6281A13D1DF005FFAD0 /* PBXContainerItemProxy */;
		};
/* End PBXTargetDependency section */

/* Begin PBXVariantGroup section */
		D969A61B1A13D1DF005FFAD0 /* Main.storyboard */ = {
			isa = PBXVariantGroup;
			children = (
				D969A61C1A13D1DF005FFAD0 /* Base */,
			);
			name = Main.storyboard;
			sourceTree = "<group>";
		};
		D969A6201A13D1DF005FFAD0 /* LaunchScreen.xib */ = {
			isa = PBXVariantGroup;
			children = (
				D969A6211A13D1DF005FFAD0 /* Base */,
			);
			name = LaunchScreen.xib;
			sourceTree = "<group>";
		};
/* End PBXVariantGroup section */

/* Begin XCBuildConfiguration section */
		D969A62F1A13D1DF005FFAD0 /* Debug */ = {
			isa = XCBuildConfiguration;
			buildSettings = {
				ALWAYS_SEARCH_USER_PATHS = NO;
				CLANG_CXX_LANGUAGE_STANDARD = "gnu++0x";
				CLANG_CXX_LIBRARY = "libc++";
				CLANG_ENABLE_MODULES = YES;
				CLANG_ENABLE_OBJC_ARC = YES;
				CLANG_WARN_BOOL_CONVERSION = YES;
				CLANG_WARN_CONSTANT_CONVERSION = YES;
				CLANG_WARN_DIRECT_OBJC_ISA_USAGE = YES_ERROR;
				CLANG_WARN_EMPTY_BODY = YES;
				CLANG_WARN_ENUM_CONVERSION = YES;
				CLANG_WARN_INT_CONVERSION = YES;
				CLANG_WARN_OBJC_ROOT_CLASS = YES_ERROR;
				CLANG_WARN_UNREACHABLE_CODE = YES;
				CLANG_WARN__DUPLICATE_METHOD_MATCH = YES;
				"CODE_SIGN_IDENTITY[sdk=iphoneos*]" = "iPhone Developer";
				COPY_PHASE_STRIP = NO;
				ENABLE_STRICT_OBJC_MSGSEND = YES;
				GCC_C_LANGUAGE_STANDARD = gnu99;
				GCC_DYNAMIC_NO_PIC = NO;
				GCC_OPTIMIZATION_LEVEL = 0;
				GCC_PREPROCESSOR_DEFINITIONS = (
					"DEBUG=1",
					"$(inherited)",
				);
				GCC_SYMBOLS_PRIVATE_EXTERN = NO;
				GCC_WARN_64_TO_32_BIT_CONVERSION = YES;
				GCC_WARN_ABOUT_RETURN_TYPE = YES_ERROR;
				GCC_WARN_UNDECLARED_SELECTOR = YES;
				GCC_WARN_UNINITIALIZED_AUTOS = YES_AGGRESSIVE;
				GCC_WARN_UNUSED_FUNCTION = YES;
				GCC_WARN_UNUSED_VARIABLE = YES;
				IPHONEOS_DEPLOYMENT_TARGET = 8.0;
				MTL_ENABLE_DEBUG_INFO = YES;
				ONLY_ACTIVE_ARCH = YES;
				SDKROOT = iphoneos;
				SWIFT_OPTIMIZATION_LEVEL = "-Onone";
				TARGETED_DEVICE_FAMILY = "1,2";
			};
			name = Debug;
		};
		D969A6301A13D1DF005FFAD0 /* Release */ = {
			isa = XCBuildConfiguration;
			buildSettings = {
				ALWAYS_SEARCH_USER_PATHS = NO;
				CLANG_CXX_LANGUAGE_STANDARD = "gnu++0x";
				CLANG_CXX_LIBRARY = "libc++";
				CLANG_ENABLE_MODULES = YES;
				CLANG_ENABLE_OBJC_ARC = YES;
				CLANG_WARN_BOOL_CONVERSION = YES;
				CLANG_WARN_CONSTANT_CONVERSION = YES;
				CLANG_WARN_DIRECT_OBJC_ISA_USAGE = YES_ERROR;
				CLANG_WARN_EMPTY_BODY = YES;
				CLANG_WARN_ENUM_CONVERSION = YES;
				CLANG_WARN_INT_CONVERSION = YES;
				CLANG_WARN_OBJC_ROOT_CLASS = YES_ERROR;
				CLANG_WARN_UNREACHABLE_CODE = YES;
				CLANG_WARN__DUPLICATE_METHOD_MATCH = YES;
				"CODE_SIGN_IDENTITY[sdk=iphoneos*]" = "iPhone Developer";
				COPY_PHASE_STRIP = YES;
				ENABLE_NS_ASSERTIONS = NO;
				ENABLE_STRICT_OBJC_MSGSEND = YES;
				GCC_C_LANGUAGE_STANDARD = gnu99;
				GCC_WARN_64_TO_32_BIT_CONVERSION = YES;
				GCC_WARN_ABOUT_RETURN_TYPE = YES_ERROR;
				GCC_WARN_UNDECLARED_SELECTOR = YES;
				GCC_WARN_UNINITIALIZED_AUTOS = YES_AGGRESSIVE;
				GCC_WARN_UNUSED_FUNCTION = YES;
				GCC_WARN_UNUSED_VARIABLE = YES;
				IPHONEOS_DEPLOYMENT_TARGET = 8.0;
				MTL_ENABLE_DEBUG_INFO = NO;
				SDKROOT = iphoneos;
				TARGETED_DEVICE_FAMILY = "1,2";
				VALIDATE_PRODUCT = YES;
			};
			name = Release;
		};
		D969A6321A13D1DF005FFAD0 /* Debug */ = {
			isa = XCBuildConfiguration;
			buildSettings = {
				ASSETCATALOG_COMPILER_APPICON_NAME = AppIcon;
				CLANG_ENABLE_MODULES = YES;
				FRAMEWORK_SEARCH_PATHS = (
					"$(inherited)",
					"/Users/javlonusmanov/Downloads/parse-library-1",
				);
				INFOPLIST_FILE = PinPoint/Info.plist;
				LD_RUNPATH_SEARCH_PATHS = "$(inherited) @executable_path/Frameworks";
				PRODUCT_NAME = "$(TARGET_NAME)";
				SWIFT_OBJC_BRIDGING_HEADER = "PinPoint-Bridging-Header.h";
				SWIFT_OPTIMIZATION_LEVEL = "-Onone";
			};
			name = Debug;
		};
		D969A6331A13D1DF005FFAD0 /* Release */ = {
			isa = XCBuildConfiguration;
			buildSettings = {
				ASSETCATALOG_COMPILER_APPICON_NAME = AppIcon;
				CLANG_ENABLE_MODULES = YES;
				FRAMEWORK_SEARCH_PATHS = (
					"$(inherited)",
					"/Users/javlonusmanov/Downloads/parse-library-1",
				);
				INFOPLIST_FILE = PinPoint/Info.plist;
				LD_RUNPATH_SEARCH_PATHS = "$(inherited) @executable_path/Frameworks";
				PRODUCT_NAME = "$(TARGET_NAME)";
				SWIFT_OBJC_BRIDGING_HEADER = "PinPoint-Bridging-Header.h";
			};
			name = Release;
		};
		D969A6351A13D1DF005FFAD0 /* Debug */ = {
			isa = XCBuildConfiguration;
			buildSettings = {
				BUNDLE_LOADER = "$(TEST_HOST)";
				FRAMEWORK_SEARCH_PATHS = (
					"$(SDKROOT)/Developer/Library/Frameworks",
					"$(inherited)",
				);
				GCC_PREPROCESSOR_DEFINITIONS = (
					"DEBUG=1",
					"$(inherited)",
				);
				INFOPLIST_FILE = PinPointTests/Info.plist;
				LD_RUNPATH_SEARCH_PATHS = "$(inherited) @executable_path/Frameworks @loader_path/Frameworks";
				PRODUCT_NAME = "$(TARGET_NAME)";
				TEST_HOST = "$(BUILT_PRODUCTS_DIR)/PinPoint.app/PinPoint";
			};
			name = Debug;
		};
		D969A6361A13D1DF005FFAD0 /* Release */ = {
			isa = XCBuildConfiguration;
			buildSettings = {
				BUNDLE_LOADER = "$(TEST_HOST)";
				FRAMEWORK_SEARCH_PATHS = (
					"$(SDKROOT)/Developer/Library/Frameworks",
					"$(inherited)",
				);
				INFOPLIST_FILE = PinPointTests/Info.plist;
				LD_RUNPATH_SEARCH_PATHS = "$(inherited) @executable_path/Frameworks @loader_path/Frameworks";
				PRODUCT_NAME = "$(TARGET_NAME)";
				TEST_HOST = "$(BUILT_PRODUCTS_DIR)/PinPoint.app/PinPoint";
			};
			name = Release;
		};
/* End XCBuildConfiguration section */

/* Begin XCConfigurationList section */
		D969A60D1A13D1DE005FFAD0 /* Build configuration list for PBXProject "PinPoint" */ = {
			isa = XCConfigurationList;
			buildConfigurations = (
				D969A62F1A13D1DF005FFAD0 /* Debug */,
				D969A6301A13D1DF005FFAD0 /* Release */,
			);
			defaultConfigurationIsVisible = 0;
			defaultConfigurationName = Release;
		};
		D969A6311A13D1DF005FFAD0 /* Build configuration list for PBXNativeTarget "PinPoint" */ = {
			isa = XCConfigurationList;
			buildConfigurations = (
				D969A6321A13D1DF005FFAD0 /* Debug */,
				D969A6331A13D1DF005FFAD0 /* Release */,
			);
			defaultConfigurationIsVisible = 0;
			defaultConfigurationName = Release;
		};
		D969A6341A13D1DF005FFAD0 /* Build configuration list for PBXNativeTarget "PinPointTests" */ = {
			isa = XCConfigurationList;
			buildConfigurations = (
				D969A6351A13D1DF005FFAD0 /* Debug */,
				D969A6361A13D1DF005FFAD0 /* Release */,
			);
			defaultConfigurationIsVisible = 0;
			defaultConfigurationName = Release;
		};
/* End XCConfigurationList section */
	};
	rootObject = D969A60A1A13D1DE005FFAD0 /* Project object */;
}
