// !$*UTF8*$!
{
	archiveVersion = 1;
	classes = {
	};
	objectVersion = 46;
	objects = {

/* Begin PBXBuildFile section */
		D9A10FB519C4FB0B00FB4B6D /* AppDelegate.swift in Sources */ = {isa = PBXBuildFile; fileRef = D9A10FB419C4FB0B00FB4B6D /* AppDelegate.swift */; };
		D9A10FB719C4FB0B00FB4B6D /* ViewController.swift in Sources */ = {isa = PBXBuildFile; fileRef = D9A10FB619C4FB0B00FB4B6D /* ViewController.swift */; };
		D9A10FBA19C4FB0B00FB4B6D /* Main.storyboard in Resources */ = {isa = PBXBuildFile; fileRef = D9A10FB819C4FB0B00FB4B6D /* Main.storyboard */; };
		D9A10FBC19C4FB0B00FB4B6D /* Images.xcassets in Resources */ = {isa = PBXBuildFile; fileRef = D9A10FBB19C4FB0B00FB4B6D /* Images.xcassets */; };
		D9A10FC819C4FB0B00FB4B6D /* PostCardTests.swift in Sources */ = {isa = PBXBuildFile; fileRef = D9A10FC719C4FB0B00FB4B6D /* PostCardTests.swift */; };
		D9A10FD219C4FE8000FB4B6D /* M1PLbfSaFdvOe8tKP2gB_astronaut.jpg in Resources */ = {isa = PBXBuildFile; fileRef = D9A10FD119C4FE8000FB4B6D /* M1PLbfSaFdvOe8tKP2gB_astronaut.jpg */; };
		D9A10FD419C500E500FB4B6D /* 14029474122014-02-10_12-52-24__LaikaSpaceDog.jpg in Resources */ = {isa = PBXBuildFile; fileRef = D9A10FD319C500E500FB4B6D /* 14029474122014-02-10_12-52-24__LaikaSpaceDog.jpg */; };
/* End PBXBuildFile section */

/* Begin PBXContainerItemProxy section */
		D9A10FC219C4FB0B00FB4B6D /* PBXContainerItemProxy */ = {
			isa = PBXContainerItemProxy;
			containerPortal = D9A10FA719C4FB0B00FB4B6D /* Project object */;
			proxyType = 1;
			remoteGlobalIDString = D9A10FAE19C4FB0B00FB4B6D;
			remoteInfo = PostCard;
		};
/* End PBXContainerItemProxy section */

/* Begin PBXFileReference section */
		D9A10FAF19C4FB0B00FB4B6D /* PostCard.app */ = {isa = PBXFileReference; explicitFileType = wrapper.application; includeInIndex = 0; path = PostCard.app; sourceTree = BUILT_PRODUCTS_DIR; };
		D9A10FB319C4FB0B00FB4B6D /* Info.plist */ = {isa = PBXFileReference; lastKnownFileType = text.plist.xml; path = Info.plist; sourceTree = "<group>"; };
		D9A10FB419C4FB0B00FB4B6D /* AppDelegate.swift */ = {isa = PBXFileReference; lastKnownFileType = sourcecode.swift; path = AppDelegate.swift; sourceTree = "<group>"; };
		D9A10FB619C4FB0B00FB4B6D /* ViewController.swift */ = {isa = PBXFileReference; lastKnownFileType = sourcecode.swift; path = ViewController.swift; sourceTree = "<group>"; };
		D9A10FB919C4FB0B00FB4B6D /* Base */ = {isa = PBXFileReference; lastKnownFileType = file.storyboard; name = Base; path = Base.lproj/Main.storyboard; sourceTree = "<group>"; };
		D9A10FBB19C4FB0B00FB4B6D /* Images.xcassets */ = {isa = PBXFileReference; lastKnownFileType = folder.assetcatalog; path = Images.xcassets; sourceTree = "<group>"; };
		D9A10FC119C4FB0B00FB4B6D /* PostCardTests.xctest */ = {isa = PBXFileReference; explicitFileType = wrapper.cfbundle; includeInIndex = 0; path = PostCardTests.xctest; sourceTree = BUILT_PRODUCTS_DIR; };
		D9A10FC619C4FB0B00FB4B6D /* Info.plist */ = {isa = PBXFileReference; lastKnownFileType = text.plist.xml; path = Info.plist; sourceTree = "<group>"; };
		D9A10FC719C4FB0B00FB4B6D /* PostCardTests.swift */ = {isa = PBXFileReference; lastKnownFileType = sourcecode.swift; path = PostCardTests.swift; sourceTree = "<group>"; };
		D9A10FD119C4FE8000FB4B6D /* M1PLbfSaFdvOe8tKP2gB_astronaut.jpg */ = {isa = PBXFileReference; lastKnownFileType = image.jpeg; path = M1PLbfSaFdvOe8tKP2gB_astronaut.jpg; sourceTree = "<group>"; };
		D9A10FD319C500E500FB4B6D /* 14029474122014-02-10_12-52-24__LaikaSpaceDog.jpg */ = {isa = PBXFileReference; lastKnownFileType = image.jpeg; path = "14029474122014-02-10_12-52-24__LaikaSpaceDog.jpg"; sourceTree = "<group>"; };
/* End PBXFileReference section */

/* Begin PBXFrameworksBuildPhase section */
		D9A10FAC19C4FB0B00FB4B6D /* Frameworks */ = {
			isa = PBXFrameworksBuildPhase;
			buildActionMask = 2147483647;
			files = (
			);
			runOnlyForDeploymentPostprocessing = 0;
		};
		D9A10FBE19C4FB0B00FB4B6D /* Frameworks */ = {
			isa = PBXFrameworksBuildPhase;
			buildActionMask = 2147483647;
			files = (
			);
			runOnlyForDeploymentPostprocessing = 0;
		};
/* End PBXFrameworksBuildPhase section */

/* Begin PBXGroup section */
		D9A10FA619C4FB0B00FB4B6D = {
			isa = PBXGroup;
			children = (
				D9A10FB119C4FB0B00FB4B6D /* PostCard */,
				D9A10FC419C4FB0B00FB4B6D /* PostCardTests */,
				D9A10FB019C4FB0B00FB4B6D /* Products */,
			);
			sourceTree = "<group>";
		};
		D9A10FB019C4FB0B00FB4B6D /* Products */ = {
			isa = PBXGroup;
			children = (
				D9A10FAF19C4FB0B00FB4B6D /* PostCard.app */,
				D9A10FC119C4FB0B00FB4B6D /* PostCardTests.xctest */,
			);
			name = Products;
			sourceTree = "<group>";
		};
		D9A10FB119C4FB0B00FB4B6D /* PostCard */ = {
			isa = PBXGroup;
			children = (
				D9A10FB419C4FB0B00FB4B6D /* AppDelegate.swift */,
				D9A10FB619C4FB0B00FB4B6D /* ViewController.swift */,
				D9A10FB819C4FB0B00FB4B6D /* Main.storyboard */,
				D9A10FBB19C4FB0B00FB4B6D /* Images.xcassets */,
				D9A10FB219C4FB0B00FB4B6D /* Supporting Files */,
			);
			path = PostCard;
			sourceTree = "<group>";
		};
		D9A10FB219C4FB0B00FB4B6D /* Supporting Files */ = {
			isa = PBXGroup;
			children = (
				D9A10FD319C500E500FB4B6D /* 14029474122014-02-10_12-52-24__LaikaSpaceDog.jpg */,
				D9A10FD119C4FE8000FB4B6D /* M1PLbfSaFdvOe8tKP2gB_astronaut.jpg */,
				D9A10FB319C4FB0B00FB4B6D /* Info.plist */,
			);
			name = "Supporting Files";
			sourceTree = "<group>";
		};
		D9A10FC419C4FB0B00FB4B6D /* PostCardTests */ = {
			isa = PBXGroup;
			children = (
				D9A10FC719C4FB0B00FB4B6D /* PostCardTests.swift */,
				D9A10FC519C4FB0B00FB4B6D /* Supporting Files */,
			);
			path = PostCardTests;
			sourceTree = "<group>";
		};
		D9A10FC519C4FB0B00FB4B6D /* Supporting Files */ = {
			isa = PBXGroup;
			children = (
				D9A10FC619C4FB0B00FB4B6D /* Info.plist */,
			);
			name = "Supporting Files";
			sourceTree = "<group>";
		};
/* End PBXGroup section */

/* Begin PBXNativeTarget section */
		D9A10FAE19C4FB0B00FB4B6D /* PostCard */ = {
			isa = PBXNativeTarget;
			buildConfigurationList = D9A10FCB19C4FB0B00FB4B6D /* Build configuration list for PBXNativeTarget "PostCard" */;
			buildPhases = (
				D9A10FAB19C4FB0B00FB4B6D /* Sources */,
				D9A10FAC19C4FB0B00FB4B6D /* Frameworks */,
				D9A10FAD19C4FB0B00FB4B6D /* Resources */,
			);
			buildRules = (
			);
			dependencies = (
			);
			name = PostCard;
			productName = PostCard;
			productReference = D9A10FAF19C4FB0B00FB4B6D /* PostCard.app */;
			productType = "com.apple.product-type.application";
		};
		D9A10FC019C4FB0B00FB4B6D /* PostCardTests */ = {
			isa = PBXNativeTarget;
			buildConfigurationList = D9A10FCE19C4FB0B00FB4B6D /* Build configuration list for PBXNativeTarget "PostCardTests" */;
			buildPhases = (
				D9A10FBD19C4FB0B00FB4B6D /* Sources */,
				D9A10FBE19C4FB0B00FB4B6D /* Frameworks */,
				D9A10FBF19C4FB0B00FB4B6D /* Resources */,
			);
			buildRules = (
			);
			dependencies = (
				D9A10FC319C4FB0B00FB4B6D /* PBXTargetDependency */,
			);
			name = PostCardTests;
			productName = PostCardTests;
			productReference = D9A10FC119C4FB0B00FB4B6D /* PostCardTests.xctest */;
			productType = "com.apple.product-type.bundle.unit-test";
		};
/* End PBXNativeTarget section */

/* Begin PBXProject section */
		D9A10FA719C4FB0B00FB4B6D /* Project object */ = {
			isa = PBXProject;
			attributes = {
				LastUpgradeCheck = 0600;
				ORGANIZATIONNAME = "Javlon Usmanov";
				TargetAttributes = {
					D9A10FAE19C4FB0B00FB4B6D = {
						CreatedOnToolsVersion = 6.0;
					};
					D9A10FC019C4FB0B00FB4B6D = {
						CreatedOnToolsVersion = 6.0;
						TestTargetID = D9A10FAE19C4FB0B00FB4B6D;
					};
				};
			};
			buildConfigurationList = D9A10FAA19C4FB0B00FB4B6D /* Build configuration list for PBXProject "PostCard" */;
			compatibilityVersion = "Xcode 3.2";
			developmentRegion = English;
			hasScannedForEncodings = 0;
			knownRegions = (
				en,
				Base,
			);
			mainGroup = D9A10FA619C4FB0B00FB4B6D;
			productRefGroup = D9A10FB019C4FB0B00FB4B6D /* Products */;
			projectDirPath = "";
			projectRoot = "";
			targets = (
				D9A10FAE19C4FB0B00FB4B6D /* PostCard */,
				D9A10FC019C4FB0B00FB4B6D /* PostCardTests */,
			);
		};
/* End PBXProject section */

/* Begin PBXResourcesBuildPhase section */
		D9A10FAD19C4FB0B00FB4B6D /* Resources */ = {
			isa = PBXResourcesBuildPhase;
			buildActionMask = 2147483647;
			files = (
				D9A10FD419C500E500FB4B6D /* 14029474122014-02-10_12-52-24__LaikaSpaceDog.jpg in Resources */,
				D9A10FBA19C4FB0B00FB4B6D /* Main.storyboard in Resources */,
				D9A10FBC19C4FB0B00FB4B6D /* Images.xcassets in Resources */,
				D9A10FD219C4FE8000FB4B6D /* M1PLbfSaFdvOe8tKP2gB_astronaut.jpg in Resources */,
			);
			runOnlyForDeploymentPostprocessing = 0;
		};
		D9A10FBF19C4FB0B00FB4B6D /* Resources */ = {
			isa = PBXResourcesBuildPhase;
			buildActionMask = 2147483647;
			files = (
			);
			runOnlyForDeploymentPostprocessing = 0;
		};
/* End PBXResourcesBuildPhase section */

/* Begin PBXSourcesBuildPhase section */
		D9A10FAB19C4FB0B00FB4B6D /* Sources */ = {
			isa = PBXSourcesBuildPhase;
			buildActionMask = 2147483647;
			files = (
				D9A10FB719C4FB0B00FB4B6D /* ViewController.swift in Sources */,
				D9A10FB519C4FB0B00FB4B6D /* AppDelegate.swift in Sources */,
			);
			runOnlyForDeploymentPostprocessing = 0;
		};
		D9A10FBD19C4FB0B00FB4B6D /* Sources */ = {
			isa = PBXSourcesBuildPhase;
			buildActionMask = 2147483647;
			files = (
				D9A10FC819C4FB0B00FB4B6D /* PostCardTests.swift in Sources */,
			);
			runOnlyForDeploymentPostprocessing = 0;
		};
/* End PBXSourcesBuildPhase section */

/* Begin PBXTargetDependency section */
		D9A10FC319C4FB0B00FB4B6D /* PBXTargetDependency */ = {
			isa = PBXTargetDependency;
			target = D9A10FAE19C4FB0B00FB4B6D /* PostCard */;
			targetProxy = D9A10FC219C4FB0B00FB4B6D /* PBXContainerItemProxy */;
		};
/* End PBXTargetDependency section */

/* Begin PBXVariantGroup section */
		D9A10FB819C4FB0B00FB4B6D /* Main.storyboard */ = {
			isa = PBXVariantGroup;
			children = (
				D9A10FB919C4FB0B00FB4B6D /* Base */,
			);
			name = Main.storyboard;
			sourceTree = "<group>";
		};
/* End PBXVariantGroup section */

/* Begin XCBuildConfiguration section */
		D9A10FC919C4FB0B00FB4B6D /* Debug */ = {
			isa = XCBuildConfiguration;
			buildSettings = {
				ALWAYS_SEARCH_USER_PATHS = NO;
				CLANG_CXX_LANGUAGE_STANDARD = "gnu++0x";
				CLANG_CXX_LIBRARY = "libc++";
				CLANG_ENABLE_MODULES = YES;
				CLANG_ENABLE_OBJC_ARC = YES;
				CLANG_WARN_BOOL_CONVERSION = YES;
				CLANG_WARN_CONSTANT_CONVERSION = YES;
				CLANG_WARN_DIRECT_OBJC_ISA_USAGE = YES_ERROR;
				CLANG_WARN_EMPTY_BODY = YES;
				CLANG_WARN_ENUM_CONVERSION = YES;
				CLANG_WARN_INT_CONVERSION = YES;
				CLANG_WARN_OBJC_ROOT_CLASS = YES_ERROR;
				CLANG_WARN_UNREACHABLE_CODE = YES;
				CLANG_WARN__DUPLICATE_METHOD_MATCH = YES;
				"CODE_SIGN_IDENTITY[sdk=iphoneos*]" = "iPhone Developer";
				COPY_PHASE_STRIP = NO;
				ENABLE_STRICT_OBJC_MSGSEND = YES;
				GCC_C_LANGUAGE_STANDARD = gnu99;
				GCC_DYNAMIC_NO_PIC = NO;
				GCC_OPTIMIZATION_LEVEL = 0;
				GCC_PREPROCESSOR_DEFINITIONS = (
					"DEBUG=1",
					"$(inherited)",
				);
				GCC_SYMBOLS_PRIVATE_EXTERN = NO;
				GCC_WARN_64_TO_32_BIT_CONVERSION = YES;
				GCC_WARN_ABOUT_RETURN_TYPE = YES_ERROR;
				GCC_WARN_UNDECLARED_SELECTOR = YES;
				GCC_WARN_UNINITIALIZED_AUTOS = YES_AGGRESSIVE;
				GCC_WARN_UNUSED_FUNCTION = YES;
				GCC_WARN_UNUSED_VARIABLE = YES;
				IPHONEOS_DEPLOYMENT_TARGET = 8.0;
				MTL_ENABLE_DEBUG_INFO = YES;
				ONLY_ACTIVE_ARCH = YES;
				SDKROOT = iphoneos;
				SWIFT_OPTIMIZATION_LEVEL = "-Onone";
			};
			name = Debug;
		};
		D9A10FCA19C4FB0B00FB4B6D /* Release */ = {
			isa = XCBuildConfiguration;
			buildSettings = {
				ALWAYS_SEARCH_USER_PATHS = NO;
				CLANG_CXX_LANGUAGE_STANDARD = "gnu++0x";
				CLANG_CXX_LIBRARY = "libc++";
				CLANG_ENABLE_MODULES = YES;
				CLANG_ENABLE_OBJC_ARC = YES;
				CLANG_WARN_BOOL_CONVERSION = YES;
				CLANG_WARN_CONSTANT_CONVERSION = YES;
				CLANG_WARN_DIRECT_OBJC_ISA_USAGE = YES_ERROR;
				CLANG_WARN_EMPTY_BODY = YES;
				CLANG_WARN_ENUM_CONVERSION = YES;
				CLANG_WARN_INT_CONVERSION = YES;
				CLANG_WARN_OBJC_ROOT_CLASS = YES_ERROR;
				CLANG_WARN_UNREACHABLE_CODE = YES;
				CLANG_WARN__DUPLICATE_METHOD_MATCH = YES;
				"CODE_SIGN_IDENTITY[sdk=iphoneos*]" = "iPhone Developer";
				COPY_PHASE_STRIP = YES;
				ENABLE_NS_ASSERTIONS = NO;
				ENABLE_STRICT_OBJC_MSGSEND = YES;
				GCC_C_LANGUAGE_STANDARD = gnu99;
				GCC_WARN_64_TO_32_BIT_CONVERSION = YES;
				GCC_WARN_ABOUT_RETURN_TYPE = YES_ERROR;
				GCC_WARN_UNDECLARED_SELECTOR = YES;
				GCC_WARN_UNINITIALIZED_AUTOS = YES_AGGRESSIVE;
				GCC_WARN_UNUSED_FUNCTION = YES;
				GCC_WARN_UNUSED_VARIABLE = YES;
				IPHONEOS_DEPLOYMENT_TARGET = 8.0;
				MTL_ENABLE_DEBUG_INFO = NO;
				SDKROOT = iphoneos;
				VALIDATE_PRODUCT = YES;
			};
			name = Release;
		};
		D9A10FCC19C4FB0B00FB4B6D /* Debug */ = {
			isa = XCBuildConfiguration;
			buildSettings = {
				ASSETCATALOG_COMPILER_APPICON_NAME = AppIcon;
				ASSETCATALOG_COMPILER_LAUNCHIMAGE_NAME = LaunchImage;
				INFOPLIST_FILE = PostCard/Info.plist;
				LD_RUNPATH_SEARCH_PATHS = "$(inherited) @executable_path/Frameworks";
				PRODUCT_NAME = "$(TARGET_NAME)";
			};
			name = Debug;
		};
		D9A10FCD19C4FB0B00FB4B6D /* Release */ = {
			isa = XCBuildConfiguration;
			buildSettings = {
				ASSETCATALOG_COMPILER_APPICON_NAME = AppIcon;
				ASSETCATALOG_COMPILER_LAUNCHIMAGE_NAME = LaunchImage;
				INFOPLIST_FILE = PostCard/Info.plist;
				LD_RUNPATH_SEARCH_PATHS = "$(inherited) @executable_path/Frameworks";
				PRODUCT_NAME = "$(TARGET_NAME)";
			};
			name = Release;
		};
		D9A10FCF19C4FB0B00FB4B6D /* Debug */ = {
			isa = XCBuildConfiguration;
			buildSettings = {
				BUNDLE_LOADER = "$(TEST_HOST)";
				FRAMEWORK_SEARCH_PATHS = (
					"$(SDKROOT)/Developer/Library/Frameworks",
					"$(inherited)",
				);
				GCC_PREPROCESSOR_DEFINITIONS = (
					"DEBUG=1",
					"$(inherited)",
				);
				INFOPLIST_FILE = PostCardTests/Info.plist;
				LD_RUNPATH_SEARCH_PATHS = "$(inherited) @executable_path/Frameworks @loader_path/Frameworks";
				PRODUCT_NAME = "$(TARGET_NAME)";
				TEST_HOST = "$(BUILT_PRODUCTS_DIR)/PostCard.app/PostCard";
			};
			name = Debug;
		};
		D9A10FD019C4FB0B00FB4B6D /* Release */ = {
			isa = XCBuildConfiguration;
			buildSettings = {
				BUNDLE_LOADER = "$(TEST_HOST)";
				FRAMEWORK_SEARCH_PATHS = (
					"$(SDKROOT)/Developer/Library/Frameworks",
					"$(inherited)",
				);
				INFOPLIST_FILE = PostCardTests/Info.plist;
				LD_RUNPATH_SEARCH_PATHS = "$(inherited) @executable_path/Frameworks @loader_path/Frameworks";
				PRODUCT_NAME = "$(TARGET_NAME)";
				TEST_HOST = "$(BUILT_PRODUCTS_DIR)/PostCard.app/PostCard";
			};
			name = Release;
		};
/* End XCBuildConfiguration section */

/* Begin XCConfigurationList section */
		D9A10FAA19C4FB0B00FB4B6D /* Build configuration list for PBXProject "PostCard" */ = {
			isa = XCConfigurationList;
			buildConfigurations = (
				D9A10FC919C4FB0B00FB4B6D /* Debug */,
				D9A10FCA19C4FB0B00FB4B6D /* Release */,
			);
			defaultConfigurationIsVisible = 0;
			defaultConfigurationName = Release;
		};
		D9A10FCB19C4FB0B00FB4B6D /* Build configuration list for PBXNativeTarget "PostCard" */ = {
			isa = XCConfigurationList;
			buildConfigurations = (
				D9A10FCC19C4FB0B00FB4B6D /* Debug */,
				D9A10FCD19C4FB0B00FB4B6D /* Release */,
			);
			defaultConfigurationIsVisible = 0;
		};
		D9A10FCE19C4FB0B00FB4B6D /* Build configuration list for PBXNativeTarget "PostCardTests" */ = {
			isa = XCConfigurationList;
			buildConfigurations = (
				D9A10FCF19C4FB0B00FB4B6D /* Debug */,
				D9A10FD019C4FB0B00FB4B6D /* Release */,
			);
			defaultConfigurationIsVisible = 0;
		};
/* End XCConfigurationList section */
	};
	rootObject = D9A10FA719C4FB0B00FB4B6D /* Project object */;
}
